{
  "nodes": {
    "nixpkgs": {
      "locked": {
        "lastModified": 1737398025,
        "narHash": "sha256-FVETpOK74781tWi4/3IR//rQvsJ31e/lZtEW2Ts5zKs=",
        "owner": "alex-nt",
        "repo": "nixpkgs",
        "rev": "d65911cfd1053e78805f495c3381983cbdb19e07",
        "type": "github"
      },
      "original": {
        "owner": "alex-nt",
        "ref": "feature/gradle.osx",
        "repo": "nixpkgs",
        "type": "github"
      }
    },
    "root": {
      "inputs": {
        "nixpkgs": "nixpkgs"
      }
    }
  },
  "root": "root",
  "version": 7
}
